
Microsoft Visual Studio Solution File, Format Version 12.00
# Visual Studio 15
VisualStudioVersion = 15.0.28307.106
MinimumVisualStudioVersion = 10.0.40219.1
Project("{FAE04EC0-301F-11D3-BF4B-00C04F79EFBC}") = "GZipPullStream", "GZipPullStream\GZipPullStream.csproj", "{F776FD9A-9D50-4DDD-A866-03A6AE993A96}"
EndProject
Project("{FAE04EC0-301F-11D3-BF4B-00C04F79EFBC}") = "GZipPullStream.Test", "GZipPullStream.Test\GZipPullStream.Test.csproj", "{BEE426F9-09E4-4E63-BABB-F0942733445F}"
EndProject
Global
	GlobalSection(SolutionConfigurationPlatforms) = preSolution
		Debug|Any CPU = Debug|Any CPU
		Release|Any CPU = Release|Any CPU
	EndGlobalSection
	GlobalSection(ProjectConfigurationPlatforms) = postSolution
		{F776FD9A-9D50-4DDD-A866-03A6AE993A96}.Debug|Any CPU.ActiveCfg = Debug|Any CPU
		{F776FD9A-9D50-4DDD-A866-03A6AE993A96}.Debug|Any CPU.Build.0 = Debug|Any CPU
		{F776FD9A-9D50-4DDD-A866-03A6AE993A96}.Release|Any CPU.ActiveCfg = Release|Any CPU
		{F776FD9A-9D50-4DDD-A866-03A6AE993A96}.Release|Any CPU.Build.0 = Release|Any CPU
		{BEE426F9-09E4-4E63-BABB-F0942733445F}.Debug|Any CPU.ActiveCfg = Debug|Any CPU
		{BEE426F9-09E4-4E63-BABB-F0942733445F}.Debug|Any CPU.Build.0 = Debug|Any CPU
		{BEE426F9-09E4-4E63-BABB-F0942733445F}.Release|Any CPU.ActiveCfg = Release|Any CPU
		{BEE426F9-09E4-4E63-BABB-F0942733445F}.Release|Any CPU.Build.0 = Release|Any CPU
	EndGlobalSection
	GlobalSection(SolutionProperties) = preSolution
		HideSolutionNode = FALSE
	EndGlobalSection
	GlobalSection(ExtensibilityGlobals) = postSolution
		SolutionGuid = {2340C349-2D83-47B3-A05F-6B4206C42A75}
	EndGlobalSection
EndGlobal
